
Microsoft Visual Studio Solution File, Format Version 12.00
# Visual Studio Version 17
VisualStudioVersion = 17.14.36511.14 d17.14
MinimumVisualStudioVersion = 10.0.40219.1
Project("{FAE04EC0-301F-11D3-BF4B-00C04F79EFBC}") = "EjerciciosArrays", "EjerciciosArrays\EjerciciosArrays.csproj", "{F7E50FA5-E5D3-42C4-B2A0-7FBFBBA4667D}"
EndProject
Global
	GlobalSection(SolutionConfigurationPlatforms) = preSolution
		Debug|Any CPU = Debug|Any CPU
		Release|Any CPU = Release|Any CPU
	EndGlobalSection
	GlobalSection(ProjectConfigurationPlatforms) = postSolution
		{F7E50FA5-E5D3-42C4-B2A0-7FBFBBA4667D}.Debug|Any CPU.ActiveCfg = Debug|Any CPU
		{F7E50FA5-E5D3-42C4-B2A0-7FBFBBA4667D}.Debug|Any CPU.Build.0 = Debug|Any CPU
		{F7E50FA5-E5D3-42C4-B2A0-7FBFBBA4667D}.Release|Any CPU.ActiveCfg = Release|Any CPU
		{F7E50FA5-E5D3-42C4-B2A0-7FBFBBA4667D}.Release|Any CPU.Build.0 = Release|Any CPU
	EndGlobalSection
	GlobalSection(SolutionProperties) = preSolution
		HideSolutionNode = FALSE
	EndGlobalSection
	GlobalSection(ExtensibilityGlobals) = postSolution
		SolutionGuid = {CD9D9B9F-EA05-4D61-9AD1-ECAB8B2567FF}
	EndGlobalSection
EndGlobal
