
Microsoft Visual Studio Solution File, Format Version 12.00
# Visual Studio Version 17
VisualStudioVersion = 17.14.36511.14 d17.14
MinimumVisualStudioVersion = 10.0.40219.1
Project("{FAE04EC0-301F-11D3-BF4B-00C04F79EFBC}") = "Ejercicio1", "Ejercicio1\Ejercicio1.csproj", "{7A82F246-3393-476E-ADC3-16342F3BA450}"
EndProject
Global
	GlobalSection(SolutionConfigurationPlatforms) = preSolution
		Debug|Any CPU = Debug|Any CPU
		Release|Any CPU = Release|Any CPU
	EndGlobalSection
	GlobalSection(ProjectConfigurationPlatforms) = postSolution
		{7A82F246-3393-476E-ADC3-16342F3BA450}.Debug|Any CPU.ActiveCfg = Debug|Any CPU
		{7A82F246-3393-476E-ADC3-16342F3BA450}.Debug|Any CPU.Build.0 = Debug|Any CPU
		{7A82F246-3393-476E-ADC3-16342F3BA450}.Release|Any CPU.ActiveCfg = Release|Any CPU
		{7A82F246-3393-476E-ADC3-16342F3BA450}.Release|Any CPU.Build.0 = Release|Any CPU
	EndGlobalSection
	GlobalSection(SolutionProperties) = preSolution
		HideSolutionNode = FALSE
	EndGlobalSection
	GlobalSection(ExtensibilityGlobals) = postSolution
		SolutionGuid = {6D10BF94-A08A-4C97-A65D-9BB502AD8B8F}
	EndGlobalSection
EndGlobal
