
Microsoft Visual Studio Solution File, Format Version 12.00
# Visual Studio Version 17
VisualStudioVersion = 17.14.36511.14 d17.14
MinimumVisualStudioVersion = 10.0.40219.1
Project("{FAE04EC0-301F-11D3-BF4B-00C04F79EFBC}") = "MiprimeraAPP", "MiprimeraAPP\MiprimeraAPP.csproj", "{FEDCBC57-5EC2-4F72-BB19-FF3A7EAB475B}"
EndProject
Global
	GlobalSection(SolutionConfigurationPlatforms) = preSolution
		Debug|Any CPU = Debug|Any CPU
		Release|Any CPU = Release|Any CPU
	EndGlobalSection
	GlobalSection(ProjectConfigurationPlatforms) = postSolution
		{FEDCBC57-5EC2-4F72-BB19-FF3A7EAB475B}.Debug|Any CPU.ActiveCfg = Debug|Any CPU
		{FEDCBC57-5EC2-4F72-BB19-FF3A7EAB475B}.Debug|Any CPU.Build.0 = Debug|Any CPU
		{FEDCBC57-5EC2-4F72-BB19-FF3A7EAB475B}.Release|Any CPU.ActiveCfg = Release|Any CPU
		{FEDCBC57-5EC2-4F72-BB19-FF3A7EAB475B}.Release|Any CPU.Build.0 = Release|Any CPU
	EndGlobalSection
	GlobalSection(SolutionProperties) = preSolution
		HideSolutionNode = FALSE
	EndGlobalSection
	GlobalSection(ExtensibilityGlobals) = postSolution
		SolutionGuid = {146C84EB-2747-4D27-B520-6525990ABC4B}
	EndGlobalSection
EndGlobal
