
Microsoft Visual Studio Solution File, Format Version 12.00
# Visual Studio Version 17
VisualStudioVersion = 17.14.36511.14 d17.14
MinimumVisualStudioVersion = 10.0.40219.1
Project("{FAE04EC0-301F-11D3-BF4B-00C04F79EFBC}") = "Ejercicio5Pilas", "Ejercicio5Pilas\Ejercicio5Pilas.csproj", "{38324234-39B7-4DC6-AF88-CAB0F90DE1CA}"
EndProject
Global
	GlobalSection(SolutionConfigurationPlatforms) = preSolution
		Debug|Any CPU = Debug|Any CPU
		Release|Any CPU = Release|Any CPU
	EndGlobalSection
	GlobalSection(ProjectConfigurationPlatforms) = postSolution
		{38324234-39B7-4DC6-AF88-CAB0F90DE1CA}.Debug|Any CPU.ActiveCfg = Debug|Any CPU
		{38324234-39B7-4DC6-AF88-CAB0F90DE1CA}.Debug|Any CPU.Build.0 = Debug|Any CPU
		{38324234-39B7-4DC6-AF88-CAB0F90DE1CA}.Release|Any CPU.ActiveCfg = Release|Any CPU
		{38324234-39B7-4DC6-AF88-CAB0F90DE1CA}.Release|Any CPU.Build.0 = Release|Any CPU
	EndGlobalSection
	GlobalSection(SolutionProperties) = preSolution
		HideSolutionNode = FALSE
	EndGlobalSection
	GlobalSection(ExtensibilityGlobals) = postSolution
		SolutionGuid = {845E5D06-7C8C-4EC0-B029-22D52E32D9C7}
	EndGlobalSection
EndGlobal
