
Microsoft Visual Studio Solution File, Format Version 12.00
# Visual Studio Version 17
VisualStudioVersion = 17.14.36511.14 d17.14
MinimumVisualStudioVersion = 10.0.40219.1
Project("{FAE04EC0-301F-11D3-BF4B-00C04F79EFBC}") = "PasoMensajes", "PasoMensajes\PasoMensajes.csproj", "{949382C9-8459-44BE-AF1A-F9BBB599045E}"
EndProject
Global
	GlobalSection(SolutionConfigurationPlatforms) = preSolution
		Debug|Any CPU = Debug|Any CPU
		Release|Any CPU = Release|Any CPU
	EndGlobalSection
	GlobalSection(ProjectConfigurationPlatforms) = postSolution
		{949382C9-8459-44BE-AF1A-F9BBB599045E}.Debug|Any CPU.ActiveCfg = Debug|Any CPU
		{949382C9-8459-44BE-AF1A-F9BBB599045E}.Debug|Any CPU.Build.0 = Debug|Any CPU
		{949382C9-8459-44BE-AF1A-F9BBB599045E}.Release|Any CPU.ActiveCfg = Release|Any CPU
		{949382C9-8459-44BE-AF1A-F9BBB599045E}.Release|Any CPU.Build.0 = Release|Any CPU
	EndGlobalSection
	GlobalSection(SolutionProperties) = preSolution
		HideSolutionNode = FALSE
	EndGlobalSection
	GlobalSection(ExtensibilityGlobals) = postSolution
		SolutionGuid = {3553F243-3EB4-46D7-A0E5-F3D63D99F67D}
	EndGlobalSection
EndGlobal
